{
  "requires": true,
  "lockfileVersion": 1,
  "dependencies": {
    "lodash-es": {
      "version": "4.17.21",
      "resolved": "https://registry.npmjs.org/lodash-es/-/lodash-es-4.17.21.tgz",
      "integrity": "sha512-mKnC+QJ9pWVzv+C4/U3rRsHapFfHvQFoFB92e52xeyGMcX6/OlIl78je1u8vePzYZSkkogMPJ2yjxxsb89cxyw=="
    },
    "ng2-charts": {
      "version": "3.0.8",
      "resolved": "https://registry.npmjs.org/ng2-charts/-/ng2-charts-3.0.8.tgz",
      "integrity": "sha512-ELlpN0b/IJO4ka/P2sFBKeng3bV7XOQuh40f0J5hx9UveWPaSxOYQAOiGxV7BN2VSnKq6GRkjRvqTrcQPyJYww==",
      "requires": {
        "lodash-es": "^4.17.15",
        "tslib": "^2.3.0"
      }
    },
    "tslib": {
      "version": "2.3.1",
      "resolved": "https://registry.npmjs.org/tslib/-/tslib-2.3.1.tgz",
      "integrity": "sha512-77EbyPPpMz+FRFRuAFlWMtmgUWGe9UOG2Z25NqCwiIjRhOf5iKGuzSe5P2w1laq+FkRy4p+PCuVkJSGkzTEKVw=="
    }
  }
}
